
Microsoft Visual Studio Solution File, Format Version 12.00
# Visual Studio Version 17
VisualStudioVersion = 17.2.32519.379
MinimumVisualStudioVersion = 10.0.40219.1
Project("{FAE04EC0-301F-11D3-BF4B-00C04F79EFBC}") = "FindJobSolution.WebApp", "FindJobSolution.WebApp\FindJobSolution.WebApp.csproj", "{A9CDB479-647B-4CE3-B04F-0EDC22A2F2E8}"
EndProject
Global
	GlobalSection(SolutionConfigurationPlatforms) = preSolution
		Debug|Any CPU = Debug|Any CPU
		Release|Any CPU = Release|Any CPU
	EndGlobalSection
	GlobalSection(ProjectConfigurationPlatforms) = postSolution
		{A9CDB479-647B-4CE3-B04F-0EDC22A2F2E8}.Debug|Any CPU.ActiveCfg = Debug|Any CPU
		{A9CDB479-647B-4CE3-B04F-0EDC22A2F2E8}.Debug|Any CPU.Build.0 = Debug|Any CPU
		{A9CDB479-647B-4CE3-B04F-0EDC22A2F2E8}.Release|Any CPU.ActiveCfg = Release|Any CPU
		{A9CDB479-647B-4CE3-B04F-0EDC22A2F2E8}.Release|Any CPU.Build.0 = Release|Any CPU
	EndGlobalSection
	GlobalSection(SolutionProperties) = preSolution
		HideSolutionNode = FALSE
	EndGlobalSection
	GlobalSection(ExtensibilityGlobals) = postSolution
		SolutionGuid = {770B2018-0EB6-4025-A602-DC841C85379A}
	EndGlobalSection
EndGlobal
